<?xml version="1.0" encoding="utf-8"?>
<Project ToolsVersion="4.0" xmlns="http://schemas.microsoft.com/developer/msbuild/2003">
  <ItemGroup>
    <Filter Include="Quelldateien">
      <UniqueIdentifier>{4FC737F1-C7A5-4376-A066-2A32D752A2FF}</UniqueIdentifier>
      <Extensions>cpp;c;cxx;def;odl;idl;hpj;bat;asm;asmx</Extensions>
    </Filter>
    <Filter Include="Headerdateien">
      <UniqueIdentifier>{93995380-89BD-4b04-88EB-625FBE52EBFB}</UniqueIdentifier>
      <Extensions>h;hpp;hxx;hm;inl;inc;xsd</Extensions>
    </Filter>
    <Filter Include="Ressourcendateien">
      <UniqueIdentifier>{67DA6AB6-F800-4c08-8B7A-83BB121AAD01}</UniqueIdentifier>
      <Extensions>rc;ico;cur;bmp;dlg;rc2;rct;bin;rgs;gif;jpg;jpeg;jpe;resx</Extensions>
    </Filter>
  </ItemGroup>
  <ItemGroup>
    <ClCompile Include="NetworkPacket.cpp">
      <Filter>Quelldateien</Filter>
    </ClCompile>
    <ClCompile Include="PlayerPacketHelper.cpp">
      <Filter>Quelldateien</Filter>
    </ClCompile>
    <ClCompile Include="PlayerPacketProcessor.cpp">
      <Filter>Quelldateien</Filter>
    </ClCompile>
    <ClCompile Include="PlayerPacketReceive.cpp">
      <Filter>Quelldateien</Filter>
    </ClCompile>
    <ClCompile Include="ProtCopy.cpp">
      <Filter>Quelldateien</Filter>
    </ClCompile>
    <ClCompile Include="ProtCrash.cpp">
      <Filter>Quelldateien</Filter>
    </ClCompile>
    <ClCompile Include="ProtCreatePlayers.cpp">
      <Filter>Quelldateien</Filter>
    </ClCompile>
    <ClCompile Include="ProtDayTime.cpp">
      <Filter>Quelldateien</Filter>
    </ClCompile>
    <ClCompile Include="ProtDeletePlayers.cpp">
      <Filter>Quelldateien</Filter>
    </ClCompile>
    <ClCompile Include="ProtError.cpp">
      <Filter>Quelldateien</Filter>
    </ClCompile>
    <ClCompile Include="ProtFinalTime.cpp">
      <Filter>Quelldateien</Filter>
    </ClCompile>
    <ClCompile Include="ProtFinish.cpp">
      <Filter>Quelldateien</Filter>
    </ClCompile>
    <ClCompile Include="ProtGameType.cpp">
      <Filter>Quelldateien</Filter>
    </ClCompile>
    <ClCompile Include="ProtHeading.cpp">
      <Filter>Quelldateien</Filter>
    </ClCompile>
    <ClCompile Include="ProtInitInformation.cpp">
      <Filter>Quelldateien</Filter>
    </ClCompile>
    <ClCompile Include="ProtLastFallSpeed.cpp">
      <Filter>Quelldateien</Filter>
    </ClCompile>
    <ClCompile Include="ProtLobby.cpp">
      <Filter>Quelldateien</Filter>
    </ClCompile>
    <ClCompile Include="ProtPing.cpp">
      <Filter>Quelldateien</Filter>
    </ClCompile>
    <ClCompile Include="ProtPlayerNum.cpp">
      <Filter>Quelldateien</Filter>
    </ClCompile>
    <ClCompile Include="ProtPosition.cpp">
      <Filter>Quelldateien</Filter>
    </ClCompile>
    <ClCompile Include="ProtReady.cpp">
      <Filter>Quelldateien</Filter>
    </ClCompile>
    <ClCompile Include="ProtReadyPush.cpp">
      <Filter>Quelldateien</Filter>
    </ClCompile>
    <ClCompile Include="ProtSpeedAngle.cpp">
      <Filter>Quelldateien</Filter>
    </ClCompile>
    <ClCompile Include="ProtStart.cpp">
      <Filter>Quelldateien</Filter>
    </ClCompile>
    <ClCompile Include="ProtStylePoints.cpp">
      <Filter>Quelldateien</Filter>
    </ClCompile>
    <ClCompile Include="ProtVersion.cpp">
      <Filter>Quelldateien</Filter>
    </ClCompile>
  </ItemGroup>
  <ItemGroup>
    <ClInclude Include="NetworkPacket.h">
      <Filter>Headerdateien</Filter>
    </ClInclude>
    <ClInclude Include="PlayerPacketHelper.h">
      <Filter>Headerdateien</Filter>
    </ClInclude>
    <ClInclude Include="PlayerPacketProcessor.h">
      <Filter>Headerdateien</Filter>
    </ClInclude>
    <ClInclude Include="PlayerPacketReceive.h">
      <Filter>Headerdateien</Filter>
    </ClInclude>
    <ClInclude Include="ProtCopy.h">
      <Filter>Headerdateien</Filter>
    </ClInclude>
    <ClInclude Include="ProtCrash.h">
      <Filter>Headerdateien</Filter>
    </ClInclude>
    <ClInclude Include="ProtCreatePlayers.h">
      <Filter>Headerdateien</Filter>
    </ClInclude>
    <ClInclude Include="ProtDayTime.h">
      <Filter>Headerdateien</Filter>
    </ClInclude>
    <ClInclude Include="ProtDeletePlayers.h">
      <Filter>Headerdateien</Filter>
    </ClInclude>
    <ClInclude Include="ProtError.h">
      <Filter>Headerdateien</Filter>
    </ClInclude>
    <ClInclude Include="ProtFinalTime.h">
      <Filter>Headerdateien</Filter>
    </ClInclude>
    <ClInclude Include="ProtFinish.h">
      <Filter>Headerdateien</Filter>
    </ClInclude>
    <ClInclude Include="ProtGameType.h">
      <Filter>Headerdateien</Filter>
    </ClInclude>
    <ClInclude Include="ProtHeading.h">
      <Filter>Headerdateien</Filter>
    </ClInclude>
    <ClInclude Include="ProtInitInformation.h">
      <Filter>Headerdateien</Filter>
    </ClInclude>
    <ClInclude Include="ProtLastFallSpeed.h">
      <Filter>Headerdateien</Filter>
    </ClInclude>
    <ClInclude Include="ProtLobby.h">
      <Filter>Headerdateien</Filter>
    </ClInclude>
    <ClInclude Include="ProtPing.h">
      <Filter>Headerdateien</Filter>
    </ClInclude>
    <ClInclude Include="ProtPlayerNum.h">
      <Filter>Headerdateien</Filter>
    </ClInclude>
    <ClInclude Include="ProtPosition.h">
      <Filter>Headerdateien</Filter>
    </ClInclude>
    <ClInclude Include="ProtReady.h">
      <Filter>Headerdateien</Filter>
    </ClInclude>
    <ClInclude Include="ProtReadyPush.h">
      <Filter>Headerdateien</Filter>
    </ClInclude>
    <ClInclude Include="ProtSpeedAngle.h">
      <Filter>Headerdateien</Filter>
    </ClInclude>
    <ClInclude Include="ProtStart.h">
      <Filter>Headerdateien</Filter>
    </ClInclude>
    <ClInclude Include="ProtStylePoints.h">
      <Filter>Headerdateien</Filter>
    </ClInclude>
    <ClInclude Include="ProtVersion.h">
      <Filter>Headerdateien</Filter>
    </ClInclude>
  </ItemGroup>
</Project>